// !$*UTF8*$!
{
	archiveVersion = 1;
	classes = {
	};
	objectVersion = 55;
	objects = {

/* Begin PBXBuildFile section */
		0589EA96283635CD005C83D5 /* ReserveListViewController.swift in Sources */ = {isa = PBXBuildFile; fileRef = 0589EA95283635CC005C83D5 /* ReserveListViewController.swift */; };
		F1DC31D028326EF300F7A089 /* AppDelegate.swift in Sources */ = {isa = PBXBuildFile; fileRef = F1DC31CF28326EF300F7A089 /* AppDelegate.swift */; };
		F1DC31D228326EF300F7A089 /* SceneDelegate.swift in Sources */ = {isa = PBXBuildFile; fileRef = F1DC31D128326EF300F7A089 /* SceneDelegate.swift */; };
		F1DC31D428326EF300F7A089 /* ViewController.swift in Sources */ = {isa = PBXBuildFile; fileRef = F1DC31D328326EF300F7A089 /* ViewController.swift */; };
		F1DC31D728326EF300F7A089 /* Main.storyboard in Resources */ = {isa = PBXBuildFile; fileRef = F1DC31D528326EF300F7A089 /* Main.storyboard */; };
		F1DC31DA28326EF300F7A089 /* PeijieEastwood.xcdatamodeld in Sources */ = {isa = PBXBuildFile; fileRef = F1DC31D828326EF300F7A089 /* PeijieEastwood.xcdatamodeld */; };
		F1DC31DC28326EF500F7A089 /* Assets.xcassets in Resources */ = {isa = PBXBuildFile; fileRef = F1DC31DB28326EF500F7A089 /* Assets.xcassets */; };
		F1DC31DF28326EF500F7A089 /* LaunchScreen.storyboard in Resources */ = {isa = PBXBuildFile; fileRef = F1DC31DD28326EF500F7A089 /* LaunchScreen.storyboard */; };
		F1DC31EA28326EF500F7A089 /* PeijieEastwoodTests.swift in Sources */ = {isa = PBXBuildFile; fileRef = F1DC31E928326EF500F7A089 /* PeijieEastwoodTests.swift */; };
		F1DC31F428326EF500F7A089 /* PeijieEastwoodUITests.swift in Sources */ = {isa = PBXBuildFile; fileRef = F1DC31F328326EF500F7A089 /* PeijieEastwoodUITests.swift */; };
		F1DC31F628326EF500F7A089 /* PeijieEastwoodUITestsLaunchTests.swift in Sources */ = {isa = PBXBuildFile; fileRef = F1DC31F528326EF500F7A089 /* PeijieEastwoodUITestsLaunchTests.swift */; };
		F1DC32032833DCDD00F7A089 /* ReserveDateViewController.swift in Sources */ = {isa = PBXBuildFile; fileRef = F1DC32022833DCDD00F7A089 /* ReserveDateViewController.swift */; };
		F1DC32092833E49E00F7A089 /* Table.swift in Sources */ = {isa = PBXBuildFile; fileRef = F1DC32082833E49E00F7A089 /* Table.swift */; };
		F1DC320B2833E67800F7A089 /* ReserveTableViewController.swift in Sources */ = {isa = PBXBuildFile; fileRef = F1DC320A2833E67800F7A089 /* ReserveTableViewController.swift */; };
/* End PBXBuildFile section */

/* Begin PBXContainerItemProxy section */
		F1DC31E628326EF500F7A089 /* PBXContainerItemProxy */ = {
			isa = PBXContainerItemProxy;
			containerPortal = F1DC31C428326EF300F7A089 /* Project object */;
			proxyType = 1;
			remoteGlobalIDString = F1DC31CB28326EF300F7A089;
			remoteInfo = PeijieEastwood;
		};
		F1DC31F028326EF500F7A089 /* PBXContainerItemProxy */ = {
			isa = PBXContainerItemProxy;
			containerPortal = F1DC31C428326EF300F7A089 /* Project object */;
			proxyType = 1;
			remoteGlobalIDString = F1DC31CB28326EF300F7A089;
			remoteInfo = PeijieEastwood;
		};
/* End PBXContainerItemProxy section */

/* Begin PBXFileReference section */
		0589EA95283635CC005C83D5 /* ReserveListViewController.swift */ = {isa = PBXFileReference; lastKnownFileType = sourcecode.swift; path = ReserveListViewController.swift; sourceTree = "<group>"; };
		F1DC31CC28326EF300F7A089 /* PeijieEastwood.app */ = {isa = PBXFileReference; explicitFileType = wrapper.application; includeInIndex = 0; path = PeijieEastwood.app; sourceTree = BUILT_PRODUCTS_DIR; };
		F1DC31CF28326EF300F7A089 /* AppDelegate.swift */ = {isa = PBXFileReference; lastKnownFileType = sourcecode.swift; path = AppDelegate.swift; sourceTree = "<group>"; };
		F1DC31D128326EF300F7A089 /* SceneDelegate.swift */ = {isa = PBXFileReference; lastKnownFileType = sourcecode.swift; path = SceneDelegate.swift; sourceTree = "<group>"; };
		F1DC31D328326EF300F7A089 /* ViewController.swift */ = {isa = PBXFileReference; lastKnownFileType = sourcecode.swift; path = ViewController.swift; sourceTree = "<group>"; };
		F1DC31D628326EF300F7A089 /* Base */ = {isa = PBXFileReference; lastKnownFileType = file.storyboard; name = Base; path = Base.lproj/Main.storyboard; sourceTree = "<group>"; };
		F1DC31D928326EF300F7A089 /* PeijieEastwood.xcdatamodel */ = {isa = PBXFileReference; lastKnownFileType = wrapper.xcdatamodel; path = PeijieEastwood.xcdatamodel; sourceTree = "<group>"; };
		F1DC31DB28326EF500F7A089 /* Assets.xcassets */ = {isa = PBXFileReference; lastKnownFileType = folder.assetcatalog; path = Assets.xcassets; sourceTree = "<group>"; };
		F1DC31DE28326EF500F7A089 /* Base */ = {isa = PBXFileReference; lastKnownFileType = file.storyboard; name = Base; path = Base.lproj/LaunchScreen.storyboard; sourceTree = "<group>"; };
		F1DC31E028326EF500F7A089 /* Info.plist */ = {isa = PBXFileReference; lastKnownFileType = text.plist.xml; path = Info.plist; sourceTree = "<group>"; };
		F1DC31E528326EF500F7A089 /* PeijieEastwoodTests.xctest */ = {isa = PBXFileReference; explicitFileType = wrapper.cfbundle; includeInIndex = 0; path = PeijieEastwoodTests.xctest; sourceTree = BUILT_PRODUCTS_DIR; };
		F1DC31E928326EF500F7A089 /* PeijieEastwoodTests.swift */ = {isa = PBXFileReference; lastKnownFileType = sourcecode.swift; path = PeijieEastwoodTests.swift; sourceTree = "<group>"; };
		F1DC31EF28326EF500F7A089 /* PeijieEastwoodUITests.xctest */ = {isa = PBXFileReference; explicitFileType = wrapper.cfbundle; includeInIndex = 0; path = PeijieEastwoodUITests.xctest; sourceTree = BUILT_PRODUCTS_DIR; };
		F1DC31F328326EF500F7A089 /* PeijieEastwoodUITests.swift */ = {isa = PBXFileReference; lastKnownFileType = sourcecode.swift; path = PeijieEastwoodUITests.swift; sourceTree = "<group>"; };
		F1DC31F528326EF500F7A089 /* PeijieEastwoodUITestsLaunchTests.swift */ = {isa = PBXFileReference; lastKnownFileType = sourcecode.swift; path = PeijieEastwoodUITestsLaunchTests.swift; sourceTree = "<group>"; };
		F1DC32022833DCDD00F7A089 /* ReserveDateViewController.swift */ = {isa = PBXFileReference; lastKnownFileType = sourcecode.swift; path = ReserveDateViewController.swift; sourceTree = "<group>"; };
		F1DC32082833E49E00F7A089 /* Table.swift */ = {isa = PBXFileReference; lastKnownFileType = sourcecode.swift; path = Table.swift; sourceTree = "<group>"; };
		F1DC320A2833E67800F7A089 /* ReserveTableViewController.swift */ = {isa = PBXFileReference; lastKnownFileType = sourcecode.swift; path = ReserveTableViewController.swift; sourceTree = "<group>"; };
/* End PBXFileReference section */

/* Begin PBXFrameworksBuildPhase section */
		F1DC31C928326EF300F7A089 /* Frameworks */ = {
			isa = PBXFrameworksBuildPhase;
			buildActionMask = 2147483647;
			files = (
			);
			runOnlyForDeploymentPostprocessing = 0;
		};
		F1DC31E228326EF500F7A089 /* Frameworks */ = {
			isa = PBXFrameworksBuildPhase;
			buildActionMask = 2147483647;
			files = (
			);
			runOnlyForDeploymentPostprocessing = 0;
		};
		F1DC31EC28326EF500F7A089 /* Frameworks */ = {
			isa = PBXFrameworksBuildPhase;
			buildActionMask = 2147483647;
			files = (
			);
			runOnlyForDeploymentPostprocessing = 0;
		};
/* End PBXFrameworksBuildPhase section */

/* Begin PBXGroup section */
		F1DC31C328326EF300F7A089 = {
			isa = PBXGroup;
			children = (
				F1DC31CE28326EF300F7A089 /* PeijieEastwood */,
				F1DC31E828326EF500F7A089 /* PeijieEastwoodTests */,
				F1DC31F228326EF500F7A089 /* PeijieEastwoodUITests */,
				F1DC31CD28326EF300F7A089 /* Products */,
			);
			sourceTree = "<group>";
		};
		F1DC31CD28326EF300F7A089 /* Products */ = {
			isa = PBXGroup;
			children = (
				F1DC31CC28326EF300F7A089 /* PeijieEastwood.app */,
				F1DC31E528326EF500F7A089 /* PeijieEastwoodTests.xctest */,
				F1DC31EF28326EF500F7A089 /* PeijieEastwoodUITests.xctest */,
			);
			name = Products;
			sourceTree = "<group>";
		};
		F1DC31CE28326EF300F7A089 /* PeijieEastwood */ = {
			isa = PBXGroup;
			children = (
				F1DC31CF28326EF300F7A089 /* AppDelegate.swift */,
				F1DC31D128326EF300F7A089 /* SceneDelegate.swift */,
				F1DC31D328326EF300F7A089 /* ViewController.swift */,
				F1DC31D528326EF300F7A089 /* Main.storyboard */,
				F1DC31DB28326EF500F7A089 /* Assets.xcassets */,
				F1DC31DD28326EF500F7A089 /* LaunchScreen.storyboard */,
				F1DC31E028326EF500F7A089 /* Info.plist */,
				F1DC31D828326EF300F7A089 /* PeijieEastwood.xcdatamodeld */,
				F1DC32022833DCDD00F7A089 /* ReserveDateViewController.swift */,
				F1DC32082833E49E00F7A089 /* Table.swift */,
				F1DC320A2833E67800F7A089 /* ReserveTableViewController.swift */,
				0589EA95283635CC005C83D5 /* ReserveListViewController.swift */,
			);
			path = PeijieEastwood;
			sourceTree = "<group>";
		};
		F1DC31E828326EF500F7A089 /* PeijieEastwoodTests */ = {
			isa = PBXGroup;
			children = (
				F1DC31E928326EF500F7A089 /* PeijieEastwoodTests.swift */,
			);
			path = PeijieEastwoodTests;
			sourceTree = "<group>";
		};
		F1DC31F228326EF500F7A089 /* PeijieEastwoodUITests */ = {
			isa = PBXGroup;
			children = (
				F1DC31F328326EF500F7A089 /* PeijieEastwoodUITests.swift */,
				F1DC31F528326EF500F7A089 /* PeijieEastwoodUITestsLaunchTests.swift */,
			);
			path = PeijieEastwoodUITests;
			sourceTree = "<group>";
		};
/* End PBXGroup section */

/* Begin PBXNativeTarget section */
		F1DC31CB28326EF300F7A089 /* PeijieEastwood */ = {
			isa = PBXNativeTarget;
			buildConfigurationList = F1DC31F928326EF500F7A089 /* Build configuration list for PBXNativeTarget "PeijieEastwood" */;
			buildPhases = (
				F1DC31C828326EF300F7A089 /* Sources */,
				F1DC31C928326EF300F7A089 /* Frameworks */,
				F1DC31CA28326EF300F7A089 /* Resources */,
			);
			buildRules = (
			);
			dependencies = (
			);
			name = PeijieEastwood;
			productName = PeijieEastwood;
			productReference = F1DC31CC28326EF300F7A089 /* PeijieEastwood.app */;
			productType = "com.apple.product-type.application";
		};
		F1DC31E428326EF500F7A089 /* PeijieEastwoodTests */ = {
			isa = PBXNativeTarget;
			buildConfigurationList = F1DC31FC28326EF500F7A089 /* Build configuration list for PBXNativeTarget "PeijieEastwoodTests" */;
			buildPhases = (
				F1DC31E128326EF500F7A089 /* Sources */,
				F1DC31E228326EF500F7A089 /* Frameworks */,
				F1DC31E328326EF500F7A089 /* Resources */,
			);
			buildRules = (
			);
			dependencies = (
				F1DC31E728326EF500F7A089 /* PBXTargetDependency */,
			);
			name = PeijieEastwoodTests;
			productName = PeijieEastwoodTests;
			productReference = F1DC31E528326EF500F7A089 /* PeijieEastwoodTests.xctest */;
			productType = "com.apple.product-type.bundle.unit-test";
		};
		F1DC31EE28326EF500F7A089 /* PeijieEastwoodUITests */ = {
			isa = PBXNativeTarget;
			buildConfigurationList = F1DC31FF28326EF500F7A089 /* Build configuration list for PBXNativeTarget "PeijieEastwoodUITests" */;
			buildPhases = (
				F1DC31EB28326EF500F7A089 /* Sources */,
				F1DC31EC28326EF500F7A089 /* Frameworks */,
				F1DC31ED28326EF500F7A089 /* Resources */,
			);
			buildRules = (
			);
			dependencies = (
				F1DC31F128326EF500F7A089 /* PBXTargetDependency */,
			);
			name = PeijieEastwoodUITests;
			productName = PeijieEastwoodUITests;
			productReference = F1DC31EF28326EF500F7A089 /* PeijieEastwoodUITests.xctest */;
			productType = "com.apple.product-type.bundle.ui-testing";
		};
/* End PBXNativeTarget section */

/* Begin PBXProject section */
		F1DC31C428326EF300F7A089 /* Project object */ = {
			isa = PBXProject;
			attributes = {
				BuildIndependentTargetsInParallel = 1;
				LastSwiftUpdateCheck = 1320;
				LastUpgradeCheck = 1320;
				TargetAttributes = {
					F1DC31CB28326EF300F7A089 = {
						CreatedOnToolsVersion = 13.2.1;
					};
					F1DC31E428326EF500F7A089 = {
						CreatedOnToolsVersion = 13.2.1;
						TestTargetID = F1DC31CB28326EF300F7A089;
					};
					F1DC31EE28326EF500F7A089 = {
						CreatedOnToolsVersion = 13.2.1;
						TestTargetID = F1DC31CB28326EF300F7A089;
					};
				};
			};
			buildConfigurationList = F1DC31C728326EF300F7A089 /* Build configuration list for PBXProject "PeijieEastwood" */;
			compatibilityVersion = "Xcode 13.0";
			developmentRegion = en;
			hasScannedForEncodings = 0;
			knownRegions = (
				en,
				Base,
			);
			mainGroup = F1DC31C328326EF300F7A089;
			productRefGroup = F1DC31CD28326EF300F7A089 /* Products */;
			projectDirPath = "";
			projectRoot = "";
			targets = (
				F1DC31CB28326EF300F7A089 /* PeijieEastwood */,
				F1DC31E428326EF500F7A089 /* PeijieEastwoodTests */,
				F1DC31EE28326EF500F7A089 /* PeijieEastwoodUITests */,
			);
		};
/* End PBXProject section */

/* Begin PBXResourcesBuildPhase section */
		F1DC31CA28326EF300F7A089 /* Resources */ = {
			isa = PBXResourcesBuildPhase;
			buildActionMask = 2147483647;
			files = (
				F1DC31DF28326EF500F7A089 /* LaunchScreen.storyboard in Resources */,
				F1DC31DC28326EF500F7A089 /* Assets.xcassets in Resources */,
				F1DC31D728326EF300F7A089 /* Main.storyboard in Resources */,
			);
			runOnlyForDeploymentPostprocessing = 0;
		};
		F1DC31E328326EF500F7A089 /* Resources */ = {
			isa = PBXResourcesBuildPhase;
			buildActionMask = 2147483647;
			files = (
			);
			runOnlyForDeploymentPostprocessing = 0;
		};
		F1DC31ED28326EF500F7A089 /* Resources */ = {
			isa = PBXResourcesBuildPhase;
			buildActionMask = 2147483647;
			files = (
			);
			runOnlyForDeploymentPostprocessing = 0;
		};
/* End PBXResourcesBuildPhase section */

/* Begin PBXSourcesBuildPhase section */
		F1DC31C828326EF300F7A089 /* Sources */ = {
			isa = PBXSourcesBuildPhase;
			buildActionMask = 2147483647;
			files = (
				F1DC32092833E49E00F7A089 /* Table.swift in Sources */,
				0589EA96283635CD005C83D5 /* ReserveListViewController.swift in Sources */,
				F1DC31D428326EF300F7A089 /* ViewController.swift in Sources */,
				F1DC31D028326EF300F7A089 /* AppDelegate.swift in Sources */,
				F1DC31D228326EF300F7A089 /* SceneDelegate.swift in Sources */,
				F1DC32032833DCDD00F7A089 /* ReserveDateViewController.swift in Sources */,
				F1DC31DA28326EF300F7A089 /* PeijieEastwood.xcdatamodeld in Sources */,
				F1DC320B2833E67800F7A089 /* ReserveTableViewController.swift in Sources */,
			);
			runOnlyForDeploymentPostprocessing = 0;
		};
		F1DC31E128326EF500F7A089 /* Sources */ = {
			isa = PBXSourcesBuildPhase;
			buildActionMask = 2147483647;
			files = (
				F1DC31EA28326EF500F7A089 /* PeijieEastwoodTests.swift in Sources */,
			);
			runOnlyForDeploymentPostprocessing = 0;
		};
		F1DC31EB28326EF500F7A089 /* Sources */ = {
			isa = PBXSourcesBuildPhase;
			buildActionMask = 2147483647;
			files = (
				F1DC31F628326EF500F7A089 /* PeijieEastwoodUITestsLaunchTests.swift in Sources */,
				F1DC31F428326EF500F7A089 /* PeijieEastwoodUITests.swift in Sources */,
			);
			runOnlyForDeploymentPostprocessing = 0;
		};
/* End PBXSourcesBuildPhase section */

/* Begin PBXTargetDependency section */
		F1DC31E728326EF500F7A089 /* PBXTargetDependency */ = {
			isa = PBXTargetDependency;
			target = F1DC31CB28326EF300F7A089 /* PeijieEastwood */;
			targetProxy = F1DC31E628326EF500F7A089 /* PBXContainerItemProxy */;
		};
		F1DC31F128326EF500F7A089 /* PBXTargetDependency */ = {
			isa = PBXTargetDependency;
			target = F1DC31CB28326EF300F7A089 /* PeijieEastwood */;
			targetProxy = F1DC31F028326EF500F7A089 /* PBXContainerItemProxy */;
		};
/* End PBXTargetDependency section */

/* Begin PBXVariantGroup section */
		F1DC31D528326EF300F7A089 /* Main.storyboard */ = {
			isa = PBXVariantGroup;
			children = (
				F1DC31D628326EF300F7A089 /* Base */,
			);
			name = Main.storyboard;
			sourceTree = "<group>";
		};
		F1DC31DD28326EF500F7A089 /* LaunchScreen.storyboard */ = {
			isa = PBXVariantGroup;
			children = (
				F1DC31DE28326EF500F7A089 /* Base */,
			);
			name = LaunchScreen.storyboard;
			sourceTree = "<group>";
		};
/* End PBXVariantGroup section */

/* Begin XCBuildConfiguration section */
		F1DC31F728326EF500F7A089 /* Debug */ = {
			isa = XCBuildConfiguration;
			buildSettings = {
				ALWAYS_SEARCH_USER_PATHS = NO;
				CLANG_ANALYZER_NONNULL = YES;
				CLANG_ANALYZER_NUMBER_OBJECT_CONVERSION = YES_AGGRESSIVE;
				CLANG_CXX_LANGUAGE_STANDARD = "gnu++17";
				CLANG_CXX_LIBRARY = "libc++";
				CLANG_ENABLE_MODULES = YES;
				CLANG_ENABLE_OBJC_ARC = YES;
				CLANG_ENABLE_OBJC_WEAK = YES;
				CLANG_WARN_BLOCK_CAPTURE_AUTORELEASING = YES;
				CLANG_WARN_BOOL_CONVERSION = YES;
				CLANG_WARN_COMMA = YES;
				CLANG_WARN_CONSTANT_CONVERSION = YES;
				CLANG_WARN_DEPRECATED_OBJC_IMPLEMENTATIONS = YES;
				CLANG_WARN_DIRECT_OBJC_ISA_USAGE = YES_ERROR;
				CLANG_WARN_DOCUMENTATION_COMMENTS = YES;
				CLANG_WARN_EMPTY_BODY = YES;
				CLANG_WARN_ENUM_CONVERSION = YES;
				CLANG_WARN_INFINITE_RECURSION = YES;
				CLANG_WARN_INT_CONVERSION = YES;
				CLANG_WARN_NON_LITERAL_NULL_CONVERSION = YES;
				CLANG_WARN_OBJC_IMPLICIT_RETAIN_SELF = YES;
				CLANG_WARN_OBJC_LITERAL_CONVERSION = YES;
				CLANG_WARN_OBJC_ROOT_CLASS = YES_ERROR;
				CLANG_WARN_QUOTED_INCLUDE_IN_FRAMEWORK_HEADER = YES;
				CLANG_WARN_RANGE_LOOP_ANALYSIS = YES;
				CLANG_WARN_STRICT_PROTOTYPES = YES;
				CLANG_WARN_SUSPICIOUS_MOVE = YES;
				CLANG_WARN_UNGUARDED_AVAILABILITY = YES_AGGRESSIVE;
				CLANG_WARN_UNREACHABLE_CODE = YES;
				CLANG_WARN__DUPLICATE_METHOD_MATCH = YES;
				COPY_PHASE_STRIP = NO;
				DEBUG_INFORMATION_FORMAT = dwarf;
				ENABLE_STRICT_OBJC_MSGSEND = YES;
				ENABLE_TESTABILITY = YES;
				GCC_C_LANGUAGE_STANDARD = gnu11;
				GCC_DYNAMIC_NO_PIC = NO;
				GCC_NO_COMMON_BLOCKS = YES;
				GCC_OPTIMIZATION_LEVEL = 0;
				GCC_PREPROCESSOR_DEFINITIONS = (
					"DEBUG=1",
					"$(inherited)",
				);
				GCC_WARN_64_TO_32_BIT_CONVERSION = YES;
				GCC_WARN_ABOUT_RETURN_TYPE = YES_ERROR;
				GCC_WARN_UNDECLARED_SELECTOR = YES;
				GCC_WARN_UNINITIALIZED_AUTOS = YES_AGGRESSIVE;
				GCC_WARN_UNUSED_FUNCTION = YES;
				GCC_WARN_UNUSED_VARIABLE = YES;
				IPHONEOS_DEPLOYMENT_TARGET = 13.0;
				MTL_ENABLE_DEBUG_INFO = INCLUDE_SOURCE;
				MTL_FAST_MATH = YES;
				ONLY_ACTIVE_ARCH = YES;
				SDKROOT = iphoneos;
				SWIFT_ACTIVE_COMPILATION_CONDITIONS = DEBUG;
				SWIFT_OPTIMIZATION_LEVEL = "-Onone";
			};
			name = Debug;
		};
		F1DC31F828326EF500F7A089 /* Release */ = {
			isa = XCBuildConfiguration;
			buildSettings = {
				ALWAYS_SEARCH_USER_PATHS = NO;
				CLANG_ANALYZER_NONNULL = YES;
				CLANG_ANALYZER_NUMBER_OBJECT_CONVERSION = YES_AGGRESSIVE;
				CLANG_CXX_LANGUAGE_STANDARD = "gnu++17";
				CLANG_CXX_LIBRARY = "libc++";
				CLANG_ENABLE_MODULES = YES;
				CLANG_ENABLE_OBJC_ARC = YES;
				CLANG_ENABLE_OBJC_WEAK = YES;
				CLANG_WARN_BLOCK_CAPTURE_AUTORELEASING = YES;
				CLANG_WARN_BOOL_CONVERSION = YES;
				CLANG_WARN_COMMA = YES;
				CLANG_WARN_CONSTANT_CONVERSION = YES;
				CLANG_WARN_DEPRECATED_OBJC_IMPLEMENTATIONS = YES;
				CLANG_WARN_DIRECT_OBJC_ISA_USAGE = YES_ERROR;
				CLANG_WARN_DOCUMENTATION_COMMENTS = YES;
				CLANG_WARN_EMPTY_BODY = YES;
				CLANG_WARN_ENUM_CONVERSION = YES;
				CLANG_WARN_INFINITE_RECURSION = YES;
				CLANG_WARN_INT_CONVERSION = YES;
				CLANG_WARN_NON_LITERAL_NULL_CONVERSION = YES;
				CLANG_WARN_OBJC_IMPLICIT_RETAIN_SELF = YES;
				CLANG_WARN_OBJC_LITERAL_CONVERSION = YES;
				CLANG_WARN_OBJC_ROOT_CLASS = YES_ERROR;
				CLANG_WARN_QUOTED_INCLUDE_IN_FRAMEWORK_HEADER = YES;
				CLANG_WARN_RANGE_LOOP_ANALYSIS = YES;
				CLANG_WARN_STRICT_PROTOTYPES = YES;
				CLANG_WARN_SUSPICIOUS_MOVE = YES;
				CLANG_WARN_UNGUARDED_AVAILABILITY = YES_AGGRESSIVE;
				CLANG_WARN_UNREACHABLE_CODE = YES;
				CLANG_WARN__DUPLICATE_METHOD_MATCH = YES;
				COPY_PHASE_STRIP = NO;
				DEBUG_INFORMATION_FORMAT = "dwarf-with-dsym";
				ENABLE_NS_ASSERTIONS = NO;
				ENABLE_STRICT_OBJC_MSGSEND = YES;
				GCC_C_LANGUAGE_STANDARD = gnu11;
				GCC_NO_COMMON_BLOCKS = YES;
				GCC_WARN_64_TO_32_BIT_CONVERSION = YES;
				GCC_WARN_ABOUT_RETURN_TYPE = YES_ERROR;
				GCC_WARN_UNDECLARED_SELECTOR = YES;
				GCC_WARN_UNINITIALIZED_AUTOS = YES_AGGRESSIVE;
				GCC_WARN_UNUSED_FUNCTION = YES;
				GCC_WARN_UNUSED_VARIABLE = YES;
				IPHONEOS_DEPLOYMENT_TARGET = 13.0;
				MTL_ENABLE_DEBUG_INFO = NO;
				MTL_FAST_MATH = YES;
				SDKROOT = iphoneos;
				SWIFT_COMPILATION_MODE = wholemodule;
				SWIFT_OPTIMIZATION_LEVEL = "-O";
				VALIDATE_PRODUCT = YES;
			};
			name = Release;
		};
		F1DC31FA28326EF500F7A089 /* Debug */ = {
			isa = XCBuildConfiguration;
			buildSettings = {
				ASSETCATALOG_COMPILER_APPICON_NAME = AppIcon;
				ASSETCATALOG_COMPILER_GLOBAL_ACCENT_COLOR_NAME = AccentColor;
				CODE_SIGN_IDENTITY = "Apple Development";
				CODE_SIGN_STYLE = Automatic;
				CURRENT_PROJECT_VERSION = 1;
				DEVELOPMENT_TEAM = "";
				GENERATE_INFOPLIST_FILE = YES;
				INFOPLIST_FILE = PeijieEastwood/Info.plist;
				INFOPLIST_KEY_UIApplicationSupportsIndirectInputEvents = YES;
				INFOPLIST_KEY_UILaunchStoryboardName = LaunchScreen;
				INFOPLIST_KEY_UIMainStoryboardFile = Main;
				INFOPLIST_KEY_UISupportedInterfaceOrientations_iPad = "UIInterfaceOrientationPortrait UIInterfaceOrientationPortraitUpsideDown UIInterfaceOrientationLandscapeLeft UIInterfaceOrientationLandscapeRight";
				INFOPLIST_KEY_UISupportedInterfaceOrientations_iPhone = "UIInterfaceOrientationPortrait UIInterfaceOrientationLandscapeLeft UIInterfaceOrientationLandscapeRight";
				LD_RUNPATH_SEARCH_PATHS = (
					"$(inherited)",
					"@executable_path/Frameworks",
				);
				MARKETING_VERSION = 1.0;
				PRODUCT_BUNDLE_IDENTIFIER = com.PeijieEastwood.test;
				PRODUCT_NAME = "$(TARGET_NAME)";
				PROVISIONING_PROFILE_SPECIFIER = "";
				SWIFT_EMIT_LOC_STRINGS = YES;
				SWIFT_VERSION = 5.0;
				TARGETED_DEVICE_FAMILY = "1,2";
			};
			name = Debug;
		};
		F1DC31FB28326EF500F7A089 /* Release */ = {
			isa = XCBuildConfiguration;
			buildSettings = {
				ASSETCATALOG_COMPILER_APPICON_NAME = AppIcon;
				ASSETCATALOG_COMPILER_GLOBAL_ACCENT_COLOR_NAME = AccentColor;
				CODE_SIGN_IDENTITY = "Apple Development";
				CODE_SIGN_STYLE = Automatic;
				CURRENT_PROJECT_VERSION = 1;
				DEVELOPMENT_TEAM = "";
				GENERATE_INFOPLIST_FILE = YES;
				INFOPLIST_FILE = PeijieEastwood/Info.plist;
				INFOPLIST_KEY_UIApplicationSupportsIndirectInputEvents = YES;
				INFOPLIST_KEY_UILaunchStoryboardName = LaunchScreen;
				INFOPLIST_KEY_UIMainStoryboardFile = Main;
				INFOPLIST_KEY_UISupportedInterfaceOrientations_iPad = "UIInterfaceOrientationPortrait UIInterfaceOrientationPortraitUpsideDown UIInterfaceOrientationLandscapeLeft UIInterfaceOrientationLandscapeRight";
				INFOPLIST_KEY_UISupportedInterfaceOrientations_iPhone = "UIInterfaceOrientationPortrait UIInterfaceOrientationLandscapeLeft UIInterfaceOrientationLandscapeRight";
				LD_RUNPATH_SEARCH_PATHS = (
					"$(inherited)",
					"@executable_path/Frameworks",
				);
				MARKETING_VERSION = 1.0;
				PRODUCT_BUNDLE_IDENTIFIER = com.PeijieEastwood.test;
				PRODUCT_NAME = "$(TARGET_NAME)";
				PROVISIONING_PROFILE_SPECIFIER = "";
				SWIFT_EMIT_LOC_STRINGS = YES;
				SWIFT_VERSION = 5.0;
				TARGETED_DEVICE_FAMILY = "1,2";
			};
			name = Release;
		};
		F1DC31FD28326EF500F7A089 /* Debug */ = {
			isa = XCBuildConfiguration;
			buildSettings = {
				ALWAYS_EMBED_SWIFT_STANDARD_LIBRARIES = YES;
				BUNDLE_LOADER = "$(TEST_HOST)";
				CODE_SIGN_STYLE = Automatic;
				CURRENT_PROJECT_VERSION = 1;
				GENERATE_INFOPLIST_FILE = YES;
				IPHONEOS_DEPLOYMENT_TARGET = 15.2;
				MARKETING_VERSION = 1.0;
				PRODUCT_BUNDLE_IDENTIFIER = com.PeijieEastwoodTests;
				PRODUCT_NAME = "$(TARGET_NAME)";
				SWIFT_EMIT_LOC_STRINGS = NO;
				SWIFT_VERSION = 5.0;
				TARGETED_DEVICE_FAMILY = "1,2";
				TEST_HOST = "$(BUILT_PRODUCTS_DIR)/PeijieEastwood.app/PeijieEastwood";
			};
			name = Debug;
		};
		F1DC31FE28326EF500F7A089 /* Release */ = {
			isa = XCBuildConfiguration;
			buildSettings = {
				ALWAYS_EMBED_SWIFT_STANDARD_LIBRARIES = YES;
				BUNDLE_LOADER = "$(TEST_HOST)";
				CODE_SIGN_STYLE = Automatic;
				CURRENT_PROJECT_VERSION = 1;
				GENERATE_INFOPLIST_FILE = YES;
				IPHONEOS_DEPLOYMENT_TARGET = 15.2;
				MARKETING_VERSION = 1.0;
				PRODUCT_BUNDLE_IDENTIFIER = com.PeijieEastwoodTests;
				PRODUCT_NAME = "$(TARGET_NAME)";
				SWIFT_EMIT_LOC_STRINGS = NO;
				SWIFT_VERSION = 5.0;
				TARGETED_DEVICE_FAMILY = "1,2";
				TEST_HOST = "$(BUILT_PRODUCTS_DIR)/PeijieEastwood.app/PeijieEastwood";
			};
			name = Release;
		};
		F1DC320028326EF500F7A089 /* Debug */ = {
			isa = XCBuildConfiguration;
			buildSettings = {
				ALWAYS_EMBED_SWIFT_STANDARD_LIBRARIES = YES;
				CODE_SIGN_STYLE = Automatic;
				CURRENT_PROJECT_VERSION = 1;
				GENERATE_INFOPLIST_FILE = YES;
				MARKETING_VERSION = 1.0;
				PRODUCT_BUNDLE_IDENTIFIER = com.PeijieEastwoodUITests;
				PRODUCT_NAME = "$(TARGET_NAME)";
				SWIFT_EMIT_LOC_STRINGS = NO;
				SWIFT_VERSION = 5.0;
				TARGETED_DEVICE_FAMILY = "1,2";
				TEST_TARGET_NAME = PeijieEastwood;
			};
			name = Debug;
		};
		F1DC320128326EF500F7A089 /* Release */ = {
			isa = XCBuildConfiguration;
			buildSettings = {
				ALWAYS_EMBED_SWIFT_STANDARD_LIBRARIES = YES;
				CODE_SIGN_STYLE = Automatic;
				CURRENT_PROJECT_VERSION = 1;
				GENERATE_INFOPLIST_FILE = YES;
				MARKETING_VERSION = 1.0;
				PRODUCT_BUNDLE_IDENTIFIER = com.PeijieEastwoodUITests;
				PRODUCT_NAME = "$(TARGET_NAME)";
				SWIFT_EMIT_LOC_STRINGS = NO;
				SWIFT_VERSION = 5.0;
				TARGETED_DEVICE_FAMILY = "1,2";
				TEST_TARGET_NAME = PeijieEastwood;
			};
			name = Release;
		};
/* End XCBuildConfiguration section */

/* Begin XCConfigurationList section */
		F1DC31C728326EF300F7A089 /* Build configuration list for PBXProject "PeijieEastwood" */ = {
			isa = XCConfigurationList;
			buildConfigurations = (
				F1DC31F728326EF500F7A089 /* Debug */,
				F1DC31F828326EF500F7A089 /* Release */,
			);
			defaultConfigurationIsVisible = 0;
			defaultConfigurationName = Release;
		};
		F1DC31F928326EF500F7A089 /* Build configuration list for PBXNativeTarget "PeijieEastwood" */ = {
			isa = XCConfigurationList;
			buildConfigurations = (
				F1DC31FA28326EF500F7A089 /* Debug */,
				F1DC31FB28326EF500F7A089 /* Release */,
			);
			defaultConfigurationIsVisible = 0;
			defaultConfigurationName = Release;
		};
		F1DC31FC28326EF500F7A089 /* Build configuration list for PBXNativeTarget "PeijieEastwoodTests" */ = {
			isa = XCConfigurationList;
			buildConfigurations = (
				F1DC31FD28326EF500F7A089 /* Debug */,
				F1DC31FE28326EF500F7A089 /* Release */,
			);
			defaultConfigurationIsVisible = 0;
			defaultConfigurationName = Release;
		};
		F1DC31FF28326EF500F7A089 /* Build configuration list for PBXNativeTarget "PeijieEastwoodUITests" */ = {
			isa = XCConfigurationList;
			buildConfigurations = (
				F1DC320028326EF500F7A089 /* Debug */,
				F1DC320128326EF500F7A089 /* Release */,
			);
			defaultConfigurationIsVisible = 0;
			defaultConfigurationName = Release;
		};
/* End XCConfigurationList section */

/* Begin XCVersionGroup section */
		F1DC31D828326EF300F7A089 /* PeijieEastwood.xcdatamodeld */ = {
			isa = XCVersionGroup;
			children = (
				F1DC31D928326EF300F7A089 /* PeijieEastwood.xcdatamodel */,
			);
			currentVersion = F1DC31D928326EF300F7A089 /* PeijieEastwood.xcdatamodel */;
			path = PeijieEastwood.xcdatamodeld;
			sourceTree = "<group>";
			versionGroupType = wrapper.xcdatamodel;
		};
/* End XCVersionGroup section */
	};
	rootObject = F1DC31C428326EF300F7A089 /* Project object */;
}
